
Microsoft Visual Studio Solution File, Format Version 12.00
# Visual Studio Version 16
VisualStudioVersion = 16.0.32901.82
MinimumVisualStudioVersion = 10.0.40219.1
Project("{888888A0-9F3D-457C-B088-3A5042F75D52}") = "bgodev", "bgodev.pyproj", "{2A7D6DE0-0B32-44C2-ADE3-08BBE6699F77}"
EndProject
Global
	GlobalSection(SolutionConfigurationPlatforms) = preSolution
		Debug|Any CPU = Debug|Any CPU
		Release|Any CPU = Release|Any CPU
	EndGlobalSection
	GlobalSection(ProjectConfigurationPlatforms) = postSolution
		{2A7D6DE0-0B32-44C2-ADE3-08BBE6699F77}.Debug|Any CPU.ActiveCfg = Debug|Any CPU
		{2A7D6DE0-0B32-44C2-ADE3-08BBE6699F77}.Release|Any CPU.ActiveCfg = Release|Any CPU
	EndGlobalSection
	GlobalSection(SolutionProperties) = preSolution
		HideSolutionNode = FALSE
	EndGlobalSection
	GlobalSection(ExtensibilityGlobals) = postSolution
		SolutionGuid = {367700A7-1F8A-411F-8DD8-49657E672D31}
	EndGlobalSection
EndGlobal
